{
  "lockfileVersion": 1,
  "configVersion": 0,
  "workspaces": {
    "": {
      "name": "effect-boxes",
      "dependencies": {
        "effect": "4.0.0-beta.57",
      },
      "devDependencies": {
        "@biomejs/biome": "2.4.13",
        "@effect/language-service": "^0.85.1",
        "@effect/platform-bun": "4.0.0-beta.57",
        "@types/bun": "^1.3.13",
        "@vitest/coverage-v8": "4.1.5",
        "tinybench": "^5.1.0",
        "typescript": "^5.9.3",
        "vitest": "^4.1.5",
      },
    },
  },
  "packages": {
    "@babel/helper-string-parser": ["@babel/helper-string-parser@7.27.1", "", {}, "sha512-qMlSxKbpRlAridDExk92nSobyDdpPijUq2DW6oDnUqd0iOGxmQjyqhMIihI9+zv4LPyZdRje2cavWPbCbWm3eA=="],

    "@babel/helper-validator-identifier": ["@babel/helper-validator-identifier@7.28.5", "", {}, "sha512-qSs4ifwzKJSV39ucNjsvc6WVHs6b7S03sOh2OcHF9UHfVPqWWALUsNUVzhSBiItjRZoLHx7nIarVjqKVusUZ1Q=="],

    "@babel/parser": ["@babel/parser@7.29.0", "", { "dependencies": { "@babel/types": "^7.29.0" }, "bin": "./bin/babel-parser.js" }, "sha512-IyDgFV5GeDUVX4YdF/3CPULtVGSXXMLh1xVIgdCgxApktqnQV0r7/8Nqthg+8YLGaAtdyIlo2qIdZrbCv4+7ww=="],

    "@babel/types": ["@babel/types@7.29.0", "", { "dependencies": { "@babel/helper-string-parser": "^7.27.1", "@babel/helper-validator-identifier": "^7.28.5" } }, "sha512-LwdZHpScM4Qz8Xw2iKSzS+cfglZzJGvofQICy7W7v4caru4EaAmyUuO6BGrbyQ2mYV11W0U8j5mBhd14dd3B0A=="],

    "@bcoe/v8-coverage": ["@bcoe/v8-coverage@1.0.2", "", {}, "sha512-6zABk/ECA/QYSCQ1NGiVwwbQerUCZ+TQbp64Q3AgmfNvurHH0j8TtXa1qbShXA6qqkpAj4V5W8pP6mLe1mcMqA=="],

    "@biomejs/biome": ["@biomejs/biome@2.4.13", "", { "optionalDependencies": { "@biomejs/cli-darwin-arm64": "2.4.13", "@biomejs/cli-darwin-x64": "2.4.13", "@biomejs/cli-linux-arm64": "2.4.13", "@biomejs/cli-linux-arm64-musl": "2.4.13", "@biomejs/cli-linux-x64": "2.4.13", "@biomejs/cli-linux-x64-musl": "2.4.13", "@biomejs/cli-win32-arm64": "2.4.13", "@biomejs/cli-win32-x64": "2.4.13" }, "bin": { "biome": "bin/biome" } }, "sha512-gLXOwkOBBg0tr7bDsqlkIh4uFeKuMjxvqsrb1Tukww1iDmHcfr4Uu8MoQxp0Rcte+69+osRNWXwHsu/zxT6XqA=="],

    "@biomejs/cli-darwin-arm64": ["@biomejs/cli-darwin-arm64@2.4.13", "", { "os": "darwin", "cpu": "arm64" }, "sha512-2KImO1jhNFBa2oWConyr0x6flxbQpGKv6902uGXpYM62Xyem8U80j441SyUJ8KyngsmKbQjeIv1q2CQfDkNnYg=="],

    "@biomejs/cli-darwin-x64": ["@biomejs/cli-darwin-x64@2.4.13", "", { "os": "darwin", "cpu": "x64" }, "sha512-BKrJklbaFN4p1Ts4kPBczo+PkbsHQg57kmJ+vON9u2t6uN5okYHaSr7h/MutPCWQgg2lglaWoSmm+zhYW+oOkg=="],

    "@biomejs/cli-linux-arm64": ["@biomejs/cli-linux-arm64@2.4.13", "", { "os": "linux", "cpu": "arm64" }, "sha512-NzkUDSqfvMBrPplKgVr3aXLHZ2NEELvvF4vZxXulEylKWIGqlvNEcwUcj9OLrn75TD3lJ/GIqCVlBwd1MZCuYQ=="],

    "@biomejs/cli-linux-arm64-musl": ["@biomejs/cli-linux-arm64-musl@2.4.13", "", { "os": "linux", "cpu": "arm64" }, "sha512-U5MsuBQW25dXaYtqWWSPM3P96H6Y+fHuja3TQpMNnylocHW0tEbtFTDlUj6oM+YJLntvEkQy4grBvQNUD4+RCg=="],

    "@biomejs/cli-linux-x64": ["@biomejs/cli-linux-x64@2.4.13", "", { "os": "linux", "cpu": "x64" }, "sha512-Az3ZZedYRBo9EQzNnD9SxFcR1G5QsGo6VEc2hIyVPZ1rdKwee/7E9oeBBZFpE8Z44ekxsDQBqbiWGW5ShOhUSQ=="],

    "@biomejs/cli-linux-x64-musl": ["@biomejs/cli-linux-x64-musl@2.4.13", "", { "os": "linux", "cpu": "x64" }, "sha512-Z601MienRgTBDza/+u2CH3RSrWoXo9rtr8NK6A4KJzqGgfxx+H3VlyLgTJ4sRo40T3pIsqpTmiOQEvYzQvBRvQ=="],

    "@biomejs/cli-win32-arm64": ["@biomejs/cli-win32-arm64@2.4.13", "", { "os": "win32", "cpu": "arm64" }, "sha512-Px9PS2B5/Q183bUwy/5VHqp3J2lzdOCeVGzMpphYfl8oSa7VDCqenBdqWpy6DCy/en4Rbf/Y1RieZF6dJPcc9A=="],

    "@biomejs/cli-win32-x64": ["@biomejs/cli-win32-x64@2.4.13", "", { "os": "win32", "cpu": "x64" }, "sha512-tTcMkXyBrmHi9BfrD2VNHs/5rYIUKETqsBlYOvSAABwBkJhSDVb5e7wPukftsQbO3WzQkXe6kaztC6WtUOXSoQ=="],

    "@effect/language-service": ["@effect/language-service@0.85.1", "", { "bin": { "effect-language-service": "cli.js" } }, "sha512-EXnJjIy6zQ3nUO/MZ+ynWUb8B895KZPotd1++oTs9JjDkplwM7cb6zo8Zq2zU6piwq+KflO7amXbEfj1UMpHkw=="],

    "@effect/platform-bun": ["@effect/platform-bun@4.0.0-beta.57", "", { "dependencies": { "@effect/platform-node-shared": "^4.0.0-beta.57" }, "peerDependencies": { "effect": "^4.0.0-beta.57" } }, "sha512-Z/nG9KLUAPpd4UZXfjjz2giT0W/9iVItbVRJiQ8WReA6n5CEnBsrrE4ioRYOdamq/vRakxWBgqpG/4Mu6Ac7Hg=="],

    "@effect/platform-node-shared": ["@effect/platform-node-shared@4.0.0-beta.57", "", { "dependencies": { "@types/ws": "^8.18.1", "ws": "^8.20.0" }, "peerDependencies": { "effect": "^4.0.0-beta.57" } }, "sha512-C976X6f+qHUtLSqcqImuCrjhAHnJV17NC2RvvybsAuDfkyIWU4MyiO2XwgiBeijeNupyr1M/KPKnyjtkNxV9Hw=="],

    "@esbuild/aix-ppc64": ["@esbuild/aix-ppc64@0.25.10", "", { "os": "aix", "cpu": "ppc64" }, "sha512-0NFWnA+7l41irNuaSVlLfgNT12caWJVLzp5eAVhZ0z1qpxbockccEt3s+149rE64VUI3Ml2zt8Nv5JVc4QXTsw=="],

    "@esbuild/android-arm": ["@esbuild/android-arm@0.25.10", "", { "os": "android", "cpu": "arm" }, "sha512-dQAxF1dW1C3zpeCDc5KqIYuZ1tgAdRXNoZP7vkBIRtKZPYe2xVr/d3SkirklCHudW1B45tGiUlz2pUWDfbDD4w=="],

    "@esbuild/android-arm64": ["@esbuild/android-arm64@0.25.10", "", { "os": "android", "cpu": "arm64" }, "sha512-LSQa7eDahypv/VO6WKohZGPSJDq5OVOo3UoFR1E4t4Gj1W7zEQMUhI+lo81H+DtB+kP+tDgBp+M4oNCwp6kffg=="],

    "@esbuild/android-x64": ["@esbuild/android-x64@0.25.10", "", { "os": "android", "cpu": "x64" }, "sha512-MiC9CWdPrfhibcXwr39p9ha1x0lZJ9KaVfvzA0Wxwz9ETX4v5CHfF09bx935nHlhi+MxhA63dKRRQLiVgSUtEg=="],

    "@esbuild/darwin-arm64": ["@esbuild/darwin-arm64@0.25.10", "", { "os": "darwin", "cpu": "arm64" }, "sha512-JC74bdXcQEpW9KkV326WpZZjLguSZ3DfS8wrrvPMHgQOIEIG/sPXEN/V8IssoJhbefLRcRqw6RQH2NnpdprtMA=="],

    "@esbuild/darwin-x64": ["@esbuild/darwin-x64@0.25.10", "", { "os": "darwin", "cpu": "x64" }, "sha512-tguWg1olF6DGqzws97pKZ8G2L7Ig1vjDmGTwcTuYHbuU6TTjJe5FXbgs5C1BBzHbJ2bo1m3WkQDbWO2PvamRcg=="],

    "@esbuild/freebsd-arm64": ["@esbuild/freebsd-arm64@0.25.10", "", { "os": "freebsd", "cpu": "arm64" }, "sha512-3ZioSQSg1HT2N05YxeJWYR+Libe3bREVSdWhEEgExWaDtyFbbXWb49QgPvFH8u03vUPX10JhJPcz7s9t9+boWg=="],

    "@esbuild/freebsd-x64": ["@esbuild/freebsd-x64@0.25.10", "", { "os": "freebsd", "cpu": "x64" }, "sha512-LLgJfHJk014Aa4anGDbh8bmI5Lk+QidDmGzuC2D+vP7mv/GeSN+H39zOf7pN5N8p059FcOfs2bVlrRr4SK9WxA=="],

    "@esbuild/linux-arm": ["@esbuild/linux-arm@0.25.10", "", { "os": "linux", "cpu": "arm" }, "sha512-oR31GtBTFYCqEBALI9r6WxoU/ZofZl962pouZRTEYECvNF/dtXKku8YXcJkhgK/beU+zedXfIzHijSRapJY3vg=="],

    "@esbuild/linux-arm64": ["@esbuild/linux-arm64@0.25.10", "", { "os": "linux", "cpu": "arm64" }, "sha512-5luJWN6YKBsawd5f9i4+c+geYiVEw20FVW5x0v1kEMWNq8UctFjDiMATBxLvmmHA4bf7F6hTRaJgtghFr9iziQ=="],

    "@esbuild/linux-ia32": ["@esbuild/linux-ia32@0.25.10", "", { "os": "linux", "cpu": "ia32" }, "sha512-NrSCx2Kim3EnnWgS4Txn0QGt0Xipoumb6z6sUtl5bOEZIVKhzfyp/Lyw4C1DIYvzeW/5mWYPBFJU3a/8Yr75DQ=="],

    "@esbuild/linux-loong64": ["@esbuild/linux-loong64@0.25.10", "", { "os": "linux", "cpu": "none" }, "sha512-xoSphrd4AZda8+rUDDfD9J6FUMjrkTz8itpTITM4/xgerAZZcFW7Dv+sun7333IfKxGG8gAq+3NbfEMJfiY+Eg=="],

    "@esbuild/linux-mips64el": ["@esbuild/linux-mips64el@0.25.10", "", { "os": "linux", "cpu": "none" }, "sha512-ab6eiuCwoMmYDyTnyptoKkVS3k8fy/1Uvq7Dj5czXI6DF2GqD2ToInBI0SHOp5/X1BdZ26RKc5+qjQNGRBelRA=="],

    "@esbuild/linux-ppc64": ["@esbuild/linux-ppc64@0.25.10", "", { "os": "linux", "cpu": "ppc64" }, "sha512-NLinzzOgZQsGpsTkEbdJTCanwA5/wozN9dSgEl12haXJBzMTpssebuXR42bthOF3z7zXFWH1AmvWunUCkBE4EA=="],

    "@esbuild/linux-riscv64": ["@esbuild/linux-riscv64@0.25.10", "", { "os": "linux", "cpu": "none" }, "sha512-FE557XdZDrtX8NMIeA8LBJX3dC2M8VGXwfrQWU7LB5SLOajfJIxmSdyL/gU1m64Zs9CBKvm4UAuBp5aJ8OgnrA=="],

    "@esbuild/linux-s390x": ["@esbuild/linux-s390x@0.25.10", "", { "os": "linux", "cpu": "s390x" }, "sha512-3BBSbgzuB9ajLoVZk0mGu+EHlBwkusRmeNYdqmznmMc9zGASFjSsxgkNsqmXugpPk00gJ0JNKh/97nxmjctdew=="],

    "@esbuild/linux-x64": ["@esbuild/linux-x64@0.25.10", "", { "os": "linux", "cpu": "x64" }, "sha512-QSX81KhFoZGwenVyPoberggdW1nrQZSvfVDAIUXr3WqLRZGZqWk/P4T8p2SP+de2Sr5HPcvjhcJzEiulKgnxtA=="],

    "@esbuild/netbsd-arm64": ["@esbuild/netbsd-arm64@0.25.10", "", { "os": "none", "cpu": "arm64" }, "sha512-AKQM3gfYfSW8XRk8DdMCzaLUFB15dTrZfnX8WXQoOUpUBQ+NaAFCP1kPS/ykbbGYz7rxn0WS48/81l9hFl3u4A=="],

    "@esbuild/netbsd-x64": ["@esbuild/netbsd-x64@0.25.10", "", { "os": "none", "cpu": "x64" }, "sha512-7RTytDPGU6fek/hWuN9qQpeGPBZFfB4zZgcz2VK2Z5VpdUxEI8JKYsg3JfO0n/Z1E/6l05n0unDCNc4HnhQGig=="],

    "@esbuild/openbsd-arm64": ["@esbuild/openbsd-arm64@0.25.10", "", { "os": "openbsd", "cpu": "arm64" }, "sha512-5Se0VM9Wtq797YFn+dLimf2Zx6McttsH2olUBsDml+lm0GOCRVebRWUvDtkY4BWYv/3NgzS8b/UM3jQNh5hYyw=="],

    "@esbuild/openbsd-x64": ["@esbuild/openbsd-x64@0.25.10", "", { "os": "openbsd", "cpu": "x64" }, "sha512-XkA4frq1TLj4bEMB+2HnI0+4RnjbuGZfet2gs/LNs5Hc7D89ZQBHQ0gL2ND6Lzu1+QVkjp3x1gIcPKzRNP8bXw=="],

    "@esbuild/openharmony-arm64": ["@esbuild/openharmony-arm64@0.25.10", "", { "os": "none", "cpu": "arm64" }, "sha512-AVTSBhTX8Y/Fz6OmIVBip9tJzZEUcY8WLh7I59+upa5/GPhh2/aM6bvOMQySspnCCHvFi79kMtdJS1w0DXAeag=="],

    "@esbuild/sunos-x64": ["@esbuild/sunos-x64@0.25.10", "", { "os": "sunos", "cpu": "x64" }, "sha512-fswk3XT0Uf2pGJmOpDB7yknqhVkJQkAQOcW/ccVOtfx05LkbWOaRAtn5SaqXypeKQra1QaEa841PgrSL9ubSPQ=="],

    "@esbuild/win32-arm64": ["@esbuild/win32-arm64@0.25.10", "", { "os": "win32", "cpu": "arm64" }, "sha512-ah+9b59KDTSfpaCg6VdJoOQvKjI33nTaQr4UluQwW7aEwZQsbMCfTmfEO4VyewOxx4RaDT/xCy9ra2GPWmO7Kw=="],

    "@esbuild/win32-ia32": ["@esbuild/win32-ia32@0.25.10", "", { "os": "win32", "cpu": "ia32" }, "sha512-QHPDbKkrGO8/cz9LKVnJU22HOi4pxZnZhhA2HYHez5Pz4JeffhDjf85E57Oyco163GnzNCVkZK0b/n4Y0UHcSw=="],

    "@esbuild/win32-x64": ["@esbuild/win32-x64@0.25.10", "", { "os": "win32", "cpu": "x64" }, "sha512-9KpxSVFCu0iK1owoez6aC/s/EdUQLDN3adTxGCqxMVhrPDj6bt5dbrHDXUuq+Bs2vATFBBrQS5vdQ/Ed2P+nbw=="],

    "@jridgewell/resolve-uri": ["@jridgewell/resolve-uri@3.1.2", "", {}, "sha512-bRISgCIjP20/tbWSPWMEi54QVPRZExkuD9lJL+UIxUKtwVJA8wW1Trb1jMs1RFXo1CBTNZ/5hpC9QvmKWdopKw=="],

    "@jridgewell/sourcemap-codec": ["@jridgewell/sourcemap-codec@1.5.5", "", {}, "sha512-cYQ9310grqxueWbl+WuIUIaiUaDcj7WOq5fVhEljNVgRfOUhY9fy2zTvfoqWsnebh8Sl70VScFbICvJnLKB0Og=="],

    "@jridgewell/trace-mapping": ["@jridgewell/trace-mapping@0.3.31", "", { "dependencies": { "@jridgewell/resolve-uri": "^3.1.0", "@jridgewell/sourcemap-codec": "^1.4.14" } }, "sha512-zzNR+SdQSDJzc8joaeP8QQoCQr8NuYx2dIIytl1QeBEZHJ9uW6hebsrYgbz8hJwUQao3TWCMtmfV8Nu1twOLAw=="],

    "@msgpackr-extract/msgpackr-extract-darwin-arm64": ["@msgpackr-extract/msgpackr-extract-darwin-arm64@3.0.3", "", { "os": "darwin", "cpu": "arm64" }, "sha512-QZHtlVgbAdy2zAqNA9Gu1UpIuI8Xvsd1v8ic6B2pZmeFnFcMWiPLfWXh7TVw4eGEZ/C9TH281KwhVoeQUKbyjw=="],

    "@msgpackr-extract/msgpackr-extract-darwin-x64": ["@msgpackr-extract/msgpackr-extract-darwin-x64@3.0.3", "", { "os": "darwin", "cpu": "x64" }, "sha512-mdzd3AVzYKuUmiWOQ8GNhl64/IoFGol569zNRdkLReh6LRLHOXxU4U8eq0JwaD8iFHdVGqSy4IjFL4reoWCDFw=="],

    "@msgpackr-extract/msgpackr-extract-linux-arm": ["@msgpackr-extract/msgpackr-extract-linux-arm@3.0.3", "", { "os": "linux", "cpu": "arm" }, "sha512-fg0uy/dG/nZEXfYilKoRe7yALaNmHoYeIoJuJ7KJ+YyU2bvY8vPv27f7UKhGRpY6euFYqEVhxCFZgAUNQBM3nw=="],

    "@msgpackr-extract/msgpackr-extract-linux-arm64": ["@msgpackr-extract/msgpackr-extract-linux-arm64@3.0.3", "", { "os": "linux", "cpu": "arm64" }, "sha512-YxQL+ax0XqBJDZiKimS2XQaf+2wDGVa1enVRGzEvLLVFeqa5kx2bWbtcSXgsxjQB7nRqqIGFIcLteF/sHeVtQg=="],

    "@msgpackr-extract/msgpackr-extract-linux-x64": ["@msgpackr-extract/msgpackr-extract-linux-x64@3.0.3", "", { "os": "linux", "cpu": "x64" }, "sha512-cvwNfbP07pKUfq1uH+S6KJ7dT9K8WOE4ZiAcsrSes+UY55E/0jLYc+vq+DO7jlmqRb5zAggExKm0H7O/CBaesg=="],

    "@msgpackr-extract/msgpackr-extract-win32-x64": ["@msgpackr-extract/msgpackr-extract-win32-x64@3.0.3", "", { "os": "win32", "cpu": "x64" }, "sha512-x0fWaQtYp4E6sktbsdAqnehxDgEc/VwM7uLsRCYWaiGu0ykYdZPiS8zCWdnjHwyiumousxfBm4SO31eXqwEZhQ=="],

    "@rollup/rollup-android-arm-eabi": ["@rollup/rollup-android-arm-eabi@4.52.3", "", { "os": "android", "cpu": "arm" }, "sha512-h6cqHGZ6VdnwliFG1NXvMPTy/9PS3h8oLh7ImwR+kl+oYnQizgjxsONmmPSb2C66RksfkfIxEVtDSEcJiO0tqw=="],

    "@rollup/rollup-android-arm64": ["@rollup/rollup-android-arm64@4.52.3", "", { "os": "android", "cpu": "arm64" }, "sha512-wd+u7SLT/u6knklV/ifG7gr5Qy4GUbH2hMWcDauPFJzmCZUAJ8L2bTkVXC2niOIxp8lk3iH/QX8kSrUxVZrOVw=="],

    "@rollup/rollup-darwin-arm64": ["@rollup/rollup-darwin-arm64@4.52.3", "", { "os": "darwin", "cpu": "arm64" }, "sha512-lj9ViATR1SsqycwFkJCtYfQTheBdvlWJqzqxwc9f2qrcVrQaF/gCuBRTiTolkRWS6KvNxSk4KHZWG7tDktLgjg=="],

    "@rollup/rollup-darwin-x64": ["@rollup/rollup-darwin-x64@4.52.3", "", { "os": "darwin", "cpu": "x64" }, "sha512-+Dyo7O1KUmIsbzx1l+4V4tvEVnVQqMOIYtrxK7ncLSknl1xnMHLgn7gddJVrYPNZfEB8CIi3hK8gq8bDhb3h5A=="],

    "@rollup/rollup-freebsd-arm64": ["@rollup/rollup-freebsd-arm64@4.52.3", "", { "os": "freebsd", "cpu": "arm64" }, "sha512-u9Xg2FavYbD30g3DSfNhxgNrxhi6xVG4Y6i9Ur1C7xUuGDW3banRbXj+qgnIrwRN4KeJ396jchwy9bCIzbyBEQ=="],

    "@rollup/rollup-freebsd-x64": ["@rollup/rollup-freebsd-x64@4.52.3", "", { "os": "freebsd", "cpu": "x64" }, "sha512-5M8kyi/OX96wtD5qJR89a/3x5x8x5inXBZO04JWhkQb2JWavOWfjgkdvUqibGJeNNaz1/Z1PPza5/tAPXICI6A=="],

    "@rollup/rollup-linux-arm-gnueabihf": ["@rollup/rollup-linux-arm-gnueabihf@4.52.3", "", { "os": "linux", "cpu": "arm" }, "sha512-IoerZJ4l1wRMopEHRKOO16e04iXRDyZFZnNZKrWeNquh5d6bucjezgd+OxG03mOMTnS1x7hilzb3uURPkJ0OfA=="],

    "@rollup/rollup-linux-arm-musleabihf": ["@rollup/rollup-linux-arm-musleabihf@4.52.3", "", { "os": "linux", "cpu": "arm" }, "sha512-ZYdtqgHTDfvrJHSh3W22TvjWxwOgc3ThK/XjgcNGP2DIwFIPeAPNsQxrJO5XqleSlgDux2VAoWQ5iJrtaC1TbA=="],

    "@rollup/rollup-linux-arm64-gnu": ["@rollup/rollup-linux-arm64-gnu@4.52.3", "", { "os": "linux", "cpu": "arm64" }, "sha512-NcViG7A0YtuFDA6xWSgmFb6iPFzHlf5vcqb2p0lGEbT+gjrEEz8nC/EeDHvx6mnGXnGCC1SeVV+8u+smj0CeGQ=="],

    "@rollup/rollup-linux-arm64-musl": ["@rollup/rollup-linux-arm64-musl@4.52.3", "", { "os": "linux", "cpu": "arm64" }, "sha512-d3pY7LWno6SYNXRm6Ebsq0DJGoiLXTb83AIPCXl9fmtIQs/rXoS8SJxxUNtFbJ5MiOvs+7y34np77+9l4nfFMw=="],

    "@rollup/rollup-linux-loong64-gnu": ["@rollup/rollup-linux-loong64-gnu@4.52.3", "", { "os": "linux", "cpu": "none" }, "sha512-3y5GA0JkBuirLqmjwAKwB0keDlI6JfGYduMlJD/Rl7fvb4Ni8iKdQs1eiunMZJhwDWdCvrcqXRY++VEBbvk6Eg=="],

    "@rollup/rollup-linux-ppc64-gnu": ["@rollup/rollup-linux-ppc64-gnu@4.52.3", "", { "os": "linux", "cpu": "ppc64" }, "sha512-AUUH65a0p3Q0Yfm5oD2KVgzTKgwPyp9DSXc3UA7DtxhEb/WSPfbG4wqXeSN62OG5gSo18em4xv6dbfcUGXcagw=="],

    "@rollup/rollup-linux-riscv64-gnu": ["@rollup/rollup-linux-riscv64-gnu@4.52.3", "", { "os": "linux", "cpu": "none" }, "sha512-1makPhFFVBqZE+XFg3Dkq+IkQ7JvmUrwwqaYBL2CE+ZpxPaqkGaiWFEWVGyvTwZace6WLJHwjVh/+CXbKDGPmg=="],

    "@rollup/rollup-linux-riscv64-musl": ["@rollup/rollup-linux-riscv64-musl@4.52.3", "", { "os": "linux", "cpu": "none" }, "sha512-OOFJa28dxfl8kLOPMUOQBCO6z3X2SAfzIE276fwT52uXDWUS178KWq0pL7d6p1kz7pkzA0yQwtqL0dEPoVcRWg=="],

    "@rollup/rollup-linux-s390x-gnu": ["@rollup/rollup-linux-s390x-gnu@4.52.3", "", { "os": "linux", "cpu": "s390x" }, "sha512-jMdsML2VI5l+V7cKfZx3ak+SLlJ8fKvLJ0Eoa4b9/vCUrzXKgoKxvHqvJ/mkWhFiyp88nCkM5S2v6nIwRtPcgg=="],

    "@rollup/rollup-linux-x64-gnu": ["@rollup/rollup-linux-x64-gnu@4.52.3", "", { "os": "linux", "cpu": "x64" }, "sha512-tPgGd6bY2M2LJTA1uGq8fkSPK8ZLYjDjY+ZLK9WHncCnfIz29LIXIqUgzCR0hIefzy6Hpbe8Th5WOSwTM8E7LA=="],

    "@rollup/rollup-linux-x64-musl": ["@rollup/rollup-linux-x64-musl@4.52.3", "", { "os": "linux", "cpu": "x64" }, "sha512-BCFkJjgk+WFzP+tcSMXq77ymAPIxsX9lFJWs+2JzuZTLtksJ2o5hvgTdIcZ5+oKzUDMwI0PfWzRBYAydAHF2Mw=="],

    "@rollup/rollup-openharmony-arm64": ["@rollup/rollup-openharmony-arm64@4.52.3", "", { "os": "none", "cpu": "arm64" }, "sha512-KTD/EqjZF3yvRaWUJdD1cW+IQBk4fbQaHYJUmP8N4XoKFZilVL8cobFSTDnjTtxWJQ3JYaMgF4nObY/+nYkumA=="],

    "@rollup/rollup-win32-arm64-msvc": ["@rollup/rollup-win32-arm64-msvc@4.52.3", "", { "os": "win32", "cpu": "arm64" }, "sha512-+zteHZdoUYLkyYKObGHieibUFLbttX2r+58l27XZauq0tcWYYuKUwY2wjeCN9oK1Um2YgH2ibd6cnX/wFD7DuA=="],

    "@rollup/rollup-win32-ia32-msvc": ["@rollup/rollup-win32-ia32-msvc@4.52.3", "", { "os": "win32", "cpu": "ia32" }, "sha512-of1iHkTQSo3kr6dTIRX6t81uj/c/b15HXVsPcEElN5sS859qHrOepM5p9G41Hah+CTqSh2r8Bm56dL2z9UQQ7g=="],

    "@rollup/rollup-win32-x64-gnu": ["@rollup/rollup-win32-x64-gnu@4.52.3", "", { "os": "win32", "cpu": "x64" }, "sha512-s0hybmlHb56mWVZQj8ra9048/WZTPLILKxcvcq+8awSZmyiSUZjjem1AhU3Tf4ZKpYhK4mg36HtHDOe8QJS5PQ=="],

    "@rollup/rollup-win32-x64-msvc": ["@rollup/rollup-win32-x64-msvc@4.52.3", "", { "os": "win32", "cpu": "x64" }, "sha512-zGIbEVVXVtauFgl3MRwGWEN36P5ZGenHRMgNw88X5wEhEBpq0XrMEZwOn07+ICrwM17XO5xfMZqh0OldCH5VTA=="],

    "@standard-schema/spec": ["@standard-schema/spec@1.1.0", "", {}, "sha512-l2aFy5jALhniG5HgqrD6jXLi/rUWrKvqN/qJx6yoJsgKhblVd+iqqU4RCXavm/jPityDo5TCvKMnpjKnOriy0w=="],

    "@types/bun": ["@types/bun@1.3.13", "", { "dependencies": { "bun-types": "1.3.13" } }, "sha512-9fqXWk5YIHGGnUau9TEi+qdlTYDAnOj+xLCmSTwXfAIqXr2x4tytJb43E9uCvt09zJURKXwAtkoH4nLQfzeTXw=="],

    "@types/chai": ["@types/chai@5.2.2", "", { "dependencies": { "@types/deep-eql": "*" } }, "sha512-8kB30R7Hwqf40JPiKhVzodJs2Qc1ZJ5zuT3uzw5Hq/dhNCl3G3l83jfpdI1e20BP348+fV7VIL/+FxaXkqBmWg=="],

    "@types/deep-eql": ["@types/deep-eql@4.0.2", "", {}, "sha512-c9h9dVVMigMPc4bwTvC5dxqtqJZwQPePsWjPlpSOnojbor6pGqdk541lfA7AqFQr5pB1BRdq0juY9db81BwyFw=="],

    "@types/estree": ["@types/estree@1.0.8", "", {}, "sha512-dWHzHa2WqEXI/O1E9OjrocMTKJl2mSrEolh1Iomrv6U+JuNwaHXsXx9bLu5gG7BUWFIN0skIQJQ/L1rIex4X6w=="],

    "@types/node": ["@types/node@24.6.2", "", { "dependencies": { "undici-types": "~7.13.0" } }, "sha512-d2L25Y4j+W3ZlNAeMKcy7yDsK425ibcAOO2t7aPTz6gNMH0z2GThtwENCDc0d/Pw9wgyRqE5Px1wkV7naz8ang=="],

    "@types/ws": ["@types/ws@8.18.1", "", { "dependencies": { "@types/node": "*" } }, "sha512-ThVF6DCVhA8kUGy+aazFQ4kXQ7E1Ty7A3ypFOe0IcJV8O/M511G99AW24irKrW56Wt44yG9+ij8FaqoBGkuBXg=="],

    "@vitest/coverage-v8": ["@vitest/coverage-v8@4.1.5", "", { "dependencies": { "@bcoe/v8-coverage": "^1.0.2", "@vitest/utils": "4.1.5", "ast-v8-to-istanbul": "^1.0.0", "istanbul-lib-coverage": "^3.2.2", "istanbul-lib-report": "^3.0.1", "istanbul-reports": "^3.2.0", "magicast": "^0.5.2", "obug": "^2.1.1", "std-env": "^4.0.0-rc.1", "tinyrainbow": "^3.1.0" }, "peerDependencies": { "@vitest/browser": "4.1.5", "vitest": "4.1.5" }, "optionalPeers": ["@vitest/browser"] }, "sha512-38C0/Ddb7HcRG0Z4/DUem8x57d2p9jYgp18mkaYswEOQBGsI1CG4f/hjm0ZCeaJfWhSZ4k7jgs29V1Zom7Ki9A=="],

    "@vitest/expect": ["@vitest/expect@4.1.5", "", { "dependencies": { "@standard-schema/spec": "^1.1.0", "@types/chai": "^5.2.2", "@vitest/spy": "4.1.5", "@vitest/utils": "4.1.5", "chai": "^6.2.2", "tinyrainbow": "^3.1.0" } }, "sha512-PWBaRY5JoKuRnHlUHfpV/KohFylaDZTupcXN1H9vYryNLOnitSw60Mw9IAE2r67NbwwzBw/Cc/8q9BK3kIX8Kw=="],

    "@vitest/mocker": ["@vitest/mocker@4.1.5", "", { "dependencies": { "@vitest/spy": "4.1.5", "estree-walker": "^3.0.3", "magic-string": "^0.30.21" }, "peerDependencies": { "msw": "^2.4.9", "vite": "^6.0.0 || ^7.0.0 || ^8.0.0" }, "optionalPeers": ["msw", "vite"] }, "sha512-/x2EmFC4mT4NNzqvC3fmesuV97w5FC903KPmey4gsnJiMQ3Be1IlDKVaDaG8iqaLFHqJ2FVEkxZk5VmeLjIItw=="],

    "@vitest/pretty-format": ["@vitest/pretty-format@4.1.5", "", { "dependencies": { "tinyrainbow": "^3.1.0" } }, "sha512-7I3q6l5qr03dVfMX2wCo9FxwSJbPdwKjy2uu/YPpU3wfHvIL4QHwVRp57OfGrDFeUJ8/8QdfBKIV12FTtLn00g=="],

    "@vitest/runner": ["@vitest/runner@4.1.5", "", { "dependencies": { "@vitest/utils": "4.1.5", "pathe": "^2.0.3" } }, "sha512-2D+o7Pr82IEO46YPpoA/YU0neeyr6FTerQb5Ro7BUnBuv6NQtT/kmVnczngiMEBhzgqz2UZYl5gArejsyERDSQ=="],

    "@vitest/snapshot": ["@vitest/snapshot@4.1.5", "", { "dependencies": { "@vitest/pretty-format": "4.1.5", "@vitest/utils": "4.1.5", "magic-string": "^0.30.21", "pathe": "^2.0.3" } }, "sha512-zypXEt4KH/XgKGPUz4eC2AvErYx0My5hfL8oDb1HzGFpEk1P62bxSohdyOmvz+d9UJwanI68MKwr2EquOaOgMQ=="],

    "@vitest/spy": ["@vitest/spy@4.1.5", "", {}, "sha512-2lNOsh6+R2Idnf1TCZqSwYlKN2E/iDlD8sgU59kYVl+OMDmvldO1VDk39smRfpUNwYpNRVn3w4YfuC7KfbBnkQ=="],

    "@vitest/utils": ["@vitest/utils@4.1.5", "", { "dependencies": { "@vitest/pretty-format": "4.1.5", "convert-source-map": "^2.0.0", "tinyrainbow": "^3.1.0" } }, "sha512-76wdkrmfXfqGjueGgnb45ITPyUi1ycZ4IHgC2bhPDUfWHklY/q3MdLOAB+TF1e6xfl8NxNY0ZYaPCFNWSsw3Ug=="],

    "ast-v8-to-istanbul": ["ast-v8-to-istanbul@1.0.0", "", { "dependencies": { "@jridgewell/trace-mapping": "^0.3.31", "estree-walker": "^3.0.3", "js-tokens": "^10.0.0" } }, "sha512-1fSfIwuDICFA4LKkCzRPO7F0hzFf0B7+Xqrl27ynQaa+Rh0e1Es0v6kWHPott3lU10AyAr7oKHa65OppjLn3Rg=="],

    "bun-types": ["bun-types@1.3.13", "", { "dependencies": { "@types/node": "*" } }, "sha512-QXKeHLlOLqQX9LgYaHJfzdBaV21T63HhFJnvuRCcjZiaUDpbs5ED1MgxbMra71CsryN/1dAoXuJJJwIv/2drVA=="],

    "chai": ["chai@6.2.2", "", {}, "sha512-NUPRluOfOiTKBKvWPtSD4PhFvWCqOi0BGStNWs57X9js7XGTprSmFoz5F0tWhR4WPjNeR9jXqdC7/UpSJTnlRg=="],

    "convert-source-map": ["convert-source-map@2.0.0", "", {}, "sha512-Kvp459HrV2FEJ1CAsi1Ku+MY3kasH19TFykTz2xWmMeq6bk2NU3XXvfJ+Q61m0xktWwt+1HSYf3JZsTms3aRJg=="],

    "detect-libc": ["detect-libc@2.1.1", "", {}, "sha512-ecqj/sy1jcK1uWrwpR67UhYrIFQ+5WlGxth34WquCbamhFA6hkkwiu37o6J5xCHdo1oixJRfVRw+ywV+Hq/0Aw=="],

    "effect": ["effect@4.0.0-beta.57", "", { "dependencies": { "@standard-schema/spec": "^1.1.0", "fast-check": "^4.6.0", "find-my-way-ts": "^0.1.6", "ini": "^6.0.0", "kubernetes-types": "^1.30.0", "msgpackr": "^1.11.9", "multipasta": "^0.2.7", "toml": "^4.1.1", "uuid": "^13.0.0", "yaml": "^2.8.3" } }, "sha512-rg32VgXnLKaPRs9tbRDaZ5jxmzNY7ojXt85gSHGUTwdlbWH5Ik+OCUY2q14TXliygPGoHwCAvNWS4bQJOqf00g=="],

    "es-module-lexer": ["es-module-lexer@2.1.0", "", {}, "sha512-n27zTYMjYu1aj4MjCWzSP7G9r75utsaoc8m61weK+W8JMBGGQybd43GstCXZ3WNmSFtGT9wi59qQTW6mhTR5LQ=="],

    "esbuild": ["esbuild@0.25.10", "", { "optionalDependencies": { "@esbuild/aix-ppc64": "0.25.10", "@esbuild/android-arm": "0.25.10", "@esbuild/android-arm64": "0.25.10", "@esbuild/android-x64": "0.25.10", "@esbuild/darwin-arm64": "0.25.10", "@esbuild/darwin-x64": "0.25.10", "@esbuild/freebsd-arm64": "0.25.10", "@esbuild/freebsd-x64": "0.25.10", "@esbuild/linux-arm": "0.25.10", "@esbuild/linux-arm64": "0.25.10", "@esbuild/linux-ia32": "0.25.10", "@esbuild/linux-loong64": "0.25.10", "@esbuild/linux-mips64el": "0.25.10", "@esbuild/linux-ppc64": "0.25.10", "@esbuild/linux-riscv64": "0.25.10", "@esbuild/linux-s390x": "0.25.10", "@esbuild/linux-x64": "0.25.10", "@esbuild/netbsd-arm64": "0.25.10", "@esbuild/netbsd-x64": "0.25.10", "@esbuild/openbsd-arm64": "0.25.10", "@esbuild/openbsd-x64": "0.25.10", "@esbuild/openharmony-arm64": "0.25.10", "@esbuild/sunos-x64": "0.25.10", "@esbuild/win32-arm64": "0.25.10", "@esbuild/win32-ia32": "0.25.10", "@esbuild/win32-x64": "0.25.10" }, "bin": { "esbuild": "bin/esbuild" } }, "sha512-9RiGKvCwaqxO2owP61uQ4BgNborAQskMR6QusfWzQqv7AZOg5oGehdY2pRJMTKuwxd1IDBP4rSbI5lHzU7SMsQ=="],

    "estree-walker": ["estree-walker@3.0.3", "", { "dependencies": { "@types/estree": "^1.0.0" } }, "sha512-7RUKfXgSMMkzt6ZuXmqapOurLGPPfgj6l9uRZ7lRGolvk0y2yocc35LdcxKC5PQZdn2DMqioAQ2NoWcrTKmm6g=="],

    "expect-type": ["expect-type@1.3.0", "", {}, "sha512-knvyeauYhqjOYvQ66MznSMs83wmHrCycNEN6Ao+2AeYEfxUIkuiVxdEa1qlGEPK+We3n0THiDciYSsCcgW/DoA=="],

    "fast-check": ["fast-check@4.7.0", "", { "dependencies": { "pure-rand": "^8.0.0" } }, "sha512-NsZRtqvSSoCP0HbNjUD+r1JH8zqZalyp6gLY9e7OYs7NK9b6AHOs2baBFeBG7bVNsuoukh89x2Yg3rPsul8ziQ=="],

    "fdir": ["fdir@6.5.0", "", { "peerDependencies": { "picomatch": "^3 || ^4" }, "optionalPeers": ["picomatch"] }, "sha512-tIbYtZbucOs0BRGqPJkshJUYdL+SDH7dVM8gjy+ERp3WAUjLEFJE+02kanyHtwjWOnwrKYBiwAmM0p4kLJAnXg=="],

    "find-my-way-ts": ["find-my-way-ts@0.1.6", "", {}, "sha512-a85L9ZoXtNAey3Y6Z+eBWW658kO/MwR7zIafkIUPUMf3isZG0NCs2pjW2wtjxAKuJPxMAsHUIP4ZPGv0o5gyTA=="],

    "fsevents": ["fsevents@2.3.3", "", { "os": "darwin" }, "sha512-5xoDfX+fL7faATnagmWPpbFtwh/R77WmMMqqHGS65C3vvB0YHrgF+B1YmZ3441tMj5n63k0212XNoJwzlhffQw=="],

    "has-flag": ["has-flag@4.0.0", "", {}, "sha512-EykJT/Q1KjTWctppgIAgfSO0tKVuZUjhgMr17kqTumMl6Afv3EISleU7qZUzoXDFTAHTDC4NOoG/ZxU3EvlMPQ=="],

    "html-escaper": ["html-escaper@2.0.2", "", {}, "sha512-H2iMtd0I4Mt5eYiapRdIDjp+XzelXQ0tFE4JS7YFwFevXXMmOp9myNrUvCg0D6ws8iqkRPBfKHgbwig1SmlLfg=="],

    "ini": ["ini@6.0.0", "", {}, "sha512-IBTdIkzZNOpqm7q3dRqJvMaldXjDHWkEDfrwGEQTs5eaQMWV+djAhR+wahyNNMAa+qpbDUhBMVt4ZKNwpPm7xQ=="],

    "istanbul-lib-coverage": ["istanbul-lib-coverage@3.2.2", "", {}, "sha512-O8dpsF+r0WV/8MNRKfnmrtCWhuKjxrq2w+jpzBL5UZKTi2LeVWnWOmWRxFlesJONmc+wLAGvKQZEOanko0LFTg=="],

    "istanbul-lib-report": ["istanbul-lib-report@3.0.1", "", { "dependencies": { "istanbul-lib-coverage": "^3.0.0", "make-dir": "^4.0.0", "supports-color": "^7.1.0" } }, "sha512-GCfE1mtsHGOELCU8e/Z7YWzpmybrx/+dSTfLrvY8qRmaY6zXTKWn6WQIjaAFw069icm6GVMNkgu0NzI4iPZUNw=="],

    "istanbul-reports": ["istanbul-reports@3.2.0", "", { "dependencies": { "html-escaper": "^2.0.0", "istanbul-lib-report": "^3.0.0" } }, "sha512-HGYWWS/ehqTV3xN10i23tkPkpH46MLCIMFNCaaKNavAXTF1RkqxawEPtnjnGZ6XKSInBKkiOA5BKS+aZiY3AvA=="],

    "js-tokens": ["js-tokens@10.0.0", "", {}, "sha512-lM/UBzQmfJRo9ABXbPWemivdCW8V2G8FHaHdypQaIy523snUjog0W71ayWXTjiR+ixeMyVHN2XcpnTd/liPg/Q=="],

    "kubernetes-types": ["kubernetes-types@1.30.0", "", {}, "sha512-Dew1okvhM/SQcIa2rcgujNndZwU8VnSapDgdxlYoB84ZlpAD43U6KLAFqYo17ykSFGHNPrg0qry0bP+GJd9v7Q=="],

    "magic-string": ["magic-string@0.30.21", "", { "dependencies": { "@jridgewell/sourcemap-codec": "^1.5.5" } }, "sha512-vd2F4YUyEXKGcLHoq+TEyCjxueSeHnFxyyjNp80yg0XV4vUhnDer/lvvlqM/arB5bXQN5K2/3oinyCRyx8T2CQ=="],

    "magicast": ["magicast@0.5.2", "", { "dependencies": { "@babel/parser": "^7.29.0", "@babel/types": "^7.29.0", "source-map-js": "^1.2.1" } }, "sha512-E3ZJh4J3S9KfwdjZhe2afj6R9lGIN5Pher1pF39UGrXRqq/VDaGVIGN13BjHd2u8B61hArAGOnso7nBOouW3TQ=="],

    "make-dir": ["make-dir@4.0.0", "", { "dependencies": { "semver": "^7.5.3" } }, "sha512-hXdUTZYIVOt1Ex//jAQi+wTZZpUpwBj/0QsOzqegb3rGMMeJiSEu5xLHnYfBrRV4RH2+OCSOO95Is/7x1WJ4bw=="],

    "msgpackr": ["msgpackr@1.11.10", "", { "optionalDependencies": { "msgpackr-extract": "^3.0.2" } }, "sha512-iCZNq+HszvF+fC3anCm4nBmWEnbeIAfpDs6IStAEKhQ2YSgkjzVG2FF9XJqwwQh5bH3N9OUTUt4QwVN6MLMLtA=="],

    "msgpackr-extract": ["msgpackr-extract@3.0.3", "", { "dependencies": { "node-gyp-build-optional-packages": "5.2.2" }, "optionalDependencies": { "@msgpackr-extract/msgpackr-extract-darwin-arm64": "3.0.3", "@msgpackr-extract/msgpackr-extract-darwin-x64": "3.0.3", "@msgpackr-extract/msgpackr-extract-linux-arm": "3.0.3", "@msgpackr-extract/msgpackr-extract-linux-arm64": "3.0.3", "@msgpackr-extract/msgpackr-extract-linux-x64": "3.0.3", "@msgpackr-extract/msgpackr-extract-win32-x64": "3.0.3" }, "bin": { "download-msgpackr-prebuilds": "bin/download-prebuilds.js" } }, "sha512-P0efT1C9jIdVRefqjzOQ9Xml57zpOXnIuS+csaB4MdZbTdmGDLo8XhzBG1N7aO11gKDDkJvBLULeFTo46wwreA=="],

    "multipasta": ["multipasta@0.2.7", "", {}, "sha512-KPA58d68KgGil15oDqXjkUBEBYc00XvbPj5/X+dyzeo/lWm9Nc25pQRlf1D+gv4OpK7NM0J1odrbu9JNNGvynA=="],

    "nanoid": ["nanoid@3.3.11", "", { "bin": { "nanoid": "bin/nanoid.cjs" } }, "sha512-N8SpfPUnUp1bK+PMYW8qSWdl9U+wwNWI4QKxOYDy9JAro3WMX7p2OeVRF9v+347pnakNevPmiHhNmZ2HbFA76w=="],

    "node-gyp-build-optional-packages": ["node-gyp-build-optional-packages@5.2.2", "", { "dependencies": { "detect-libc": "^2.0.1" }, "bin": { "node-gyp-build-optional-packages": "bin.js", "node-gyp-build-optional-packages-optional": "optional.js", "node-gyp-build-optional-packages-test": "build-test.js" } }, "sha512-s+w+rBWnpTMwSFbaE0UXsRlg7hU4FjekKU4eyAih5T8nJuNZT1nNsskXpxmeqSK9UzkBl6UgRlnKc8hz8IEqOw=="],

    "obug": ["obug@2.1.1", "", {}, "sha512-uTqF9MuPraAQ+IsnPf366RG4cP9RtUi7MLO1N3KEc+wb0a6yKpeL0lmk2IB1jY5KHPAlTc6T/JRdC/YqxHNwkQ=="],

    "pathe": ["pathe@2.0.3", "", {}, "sha512-WUjGcAqP1gQacoQe+OBJsFA7Ld4DyXuUIjZ5cc75cLHvJ7dtNsTugphxIADwspS+AraAUePCKrSVtPLFj/F88w=="],

    "picocolors": ["picocolors@1.1.1", "", {}, "sha512-xceH2snhtb5M9liqDsmEw56le376mTZkEX/jEb/RxNFyegNul7eNslCXP9FDj/Lcu0X8KEyMceP2ntpaHrDEVA=="],

    "picomatch": ["picomatch@4.0.3", "", {}, "sha512-5gTmgEY/sqK6gFXLIsQNH19lWb4ebPDLA4SdLP7dsWkIXHWlG66oPuVvXSGFPppYZz8ZDZq0dYYrbHfBCVUb1Q=="],

    "postcss": ["postcss@8.5.6", "", { "dependencies": { "nanoid": "^3.3.11", "picocolors": "^1.1.1", "source-map-js": "^1.2.1" } }, "sha512-3Ybi1tAuwAP9s0r1UQ2J4n5Y0G05bJkpUIO0/bI9MhwmD70S5aTWbXGBwxHrelT+XM1k6dM0pk+SwNkpTRN7Pg=="],

    "pure-rand": ["pure-rand@8.4.0", "", {}, "sha512-IoM8YF/jY0hiugFo/wOWqfmarlE6J0wc6fDK1PhftMk7MGhVZl88sZimmqBBFomLOCSmcCCpsfj7wXASCpvK9A=="],

    "rollup": ["rollup@4.52.3", "", { "dependencies": { "@types/estree": "1.0.8" }, "optionalDependencies": { "@rollup/rollup-android-arm-eabi": "4.52.3", "@rollup/rollup-android-arm64": "4.52.3", "@rollup/rollup-darwin-arm64": "4.52.3", "@rollup/rollup-darwin-x64": "4.52.3", "@rollup/rollup-freebsd-arm64": "4.52.3", "@rollup/rollup-freebsd-x64": "4.52.3", "@rollup/rollup-linux-arm-gnueabihf": "4.52.3", "@rollup/rollup-linux-arm-musleabihf": "4.52.3", "@rollup/rollup-linux-arm64-gnu": "4.52.3", "@rollup/rollup-linux-arm64-musl": "4.52.3", "@rollup/rollup-linux-loong64-gnu": "4.52.3", "@rollup/rollup-linux-ppc64-gnu": "4.52.3", "@rollup/rollup-linux-riscv64-gnu": "4.52.3", "@rollup/rollup-linux-riscv64-musl": "4.52.3", "@rollup/rollup-linux-s390x-gnu": "4.52.3", "@rollup/rollup-linux-x64-gnu": "4.52.3", "@rollup/rollup-linux-x64-musl": "4.52.3", "@rollup/rollup-openharmony-arm64": "4.52.3", "@rollup/rollup-win32-arm64-msvc": "4.52.3", "@rollup/rollup-win32-ia32-msvc": "4.52.3", "@rollup/rollup-win32-x64-gnu": "4.52.3", "@rollup/rollup-win32-x64-msvc": "4.52.3", "fsevents": "~2.3.2" }, "bin": { "rollup": "dist/bin/rollup" } }, "sha512-RIDh866U8agLgiIcdpB+COKnlCreHJLfIhWC3LVflku5YHfpnsIKigRZeFfMfCc4dVcqNVfQQ5gO/afOck064A=="],

    "semver": ["semver@7.7.2", "", { "bin": { "semver": "bin/semver.js" } }, "sha512-RF0Fw+rO5AMf9MAyaRXI4AV0Ulj5lMHqVxxdSgiVbixSCXoEmmX/jk0CuJw4+3SqroYO9VoUh+HcuJivvtJemA=="],

    "siginfo": ["siginfo@2.0.0", "", {}, "sha512-ybx0WO1/8bSBLEWXZvEd7gMW3Sn3JFlW3TvX1nREbDLRNQNaeNN8WK0meBwPdAaOI7TtRRRJn/Es1zhrrCHu7g=="],

    "source-map-js": ["source-map-js@1.2.1", "", {}, "sha512-UXWMKhLOwVKb728IUtQPXxfYU+usdybtUrK/8uGE8CQMvrhOpwvzDBwj0QhSL7MQc7vIsISBG8VQ8+IDQxpfQA=="],

    "stackback": ["stackback@0.0.2", "", {}, "sha512-1XMJE5fQo1jGH6Y/7ebnwPOBEkIEnT4QF32d5R1+VXdXveM0IBMJt8zfaxX1P3QhVwrYe+576+jkANtSS2mBbw=="],

    "std-env": ["std-env@4.1.0", "", {}, "sha512-Rq7ybcX2RuC55r9oaPVEW7/xu3tj8u4GeBYHBWCychFtzMIr86A7e3PPEBPT37sHStKX3+TiX/Fr/ACmJLVlLQ=="],

    "supports-color": ["supports-color@7.2.0", "", { "dependencies": { "has-flag": "^4.0.0" } }, "sha512-qpCAvRl9stuOHveKsn7HncJRvv501qIacKzQlO/+Lwxc9+0q2wLyv4Dfvt80/DPn2pqOBsJdDiogXGR9+OvwRw=="],

    "tinybench": ["tinybench@5.1.0", "", {}, "sha512-LXKNtFualiKOm6gADe1UXPtf8+Nfn1CtPMEHAT33Fd2YjQatrujkDcK0+4wRC1X6t7fxUDXUs6BsvuIgfkDgDg=="],

    "tinyexec": ["tinyexec@1.0.2", "", {}, "sha512-W/KYk+NFhkmsYpuHq5JykngiOCnxeVL8v8dFnqxSD8qEEdRfXk1SDM6JzNqcERbcGYj9tMrDQBYV9cjgnunFIg=="],

    "tinyglobby": ["tinyglobby@0.2.15", "", { "dependencies": { "fdir": "^6.5.0", "picomatch": "^4.0.3" } }, "sha512-j2Zq4NyQYG5XMST4cbs02Ak8iJUdxRM0XI5QyxXuZOzKOINmWurp3smXu3y5wDcJrptwpSjgXHzIQxR0omXljQ=="],

    "tinyrainbow": ["tinyrainbow@3.1.0", "", {}, "sha512-Bf+ILmBgretUrdJxzXM0SgXLZ3XfiaUuOj/IKQHuTXip+05Xn+uyEYdVg0kYDipTBcLrCVyUzAPz7QmArb0mmw=="],

    "toml": ["toml@4.1.1", "", {}, "sha512-EBJnVBr3dTXdA89WVFoAIPUqkBjxPMwRqsfuo1r240tKFHXv3zgca4+NJib/h6TyvGF7vOawz0jGuryJCdNHrw=="],

    "typescript": ["typescript@5.9.3", "", { "bin": { "tsc": "bin/tsc", "tsserver": "bin/tsserver" } }, "sha512-jl1vZzPDinLr9eUt3J/t7V6FgNEw9QjvBPdysz9KfQDD41fQrC2Y4vKQdiaUpFT4bXlb1RHhLpp8wtm6M5TgSw=="],

    "undici-types": ["undici-types@7.13.0", "", {}, "sha512-Ov2Rr9Sx+fRgagJ5AX0qvItZG/JKKoBRAVITs1zk7IqZGTJUwgUr7qoYBpWwakpWilTZFM98rG/AFRocu10iIQ=="],

    "uuid": ["uuid@13.0.0", "", { "bin": { "uuid": "dist-node/bin/uuid" } }, "sha512-XQegIaBTVUjSHliKqcnFqYypAd4S+WCYt5NIeRs6w/UAry7z8Y9j5ZwRRL4kzq9U3sD6v+85er9FvkEaBpji2w=="],

    "vite": ["vite@7.1.8", "", { "dependencies": { "esbuild": "^0.25.0", "fdir": "^6.5.0", "picomatch": "^4.0.3", "postcss": "^8.5.6", "rollup": "^4.43.0", "tinyglobby": "^0.2.15" }, "optionalDependencies": { "fsevents": "~2.3.3" }, "peerDependencies": { "@types/node": "^20.19.0 || >=22.12.0", "jiti": ">=1.21.0", "less": "^4.0.0", "lightningcss": "^1.21.0", "sass": "^1.70.0", "sass-embedded": "^1.70.0", "stylus": ">=0.54.8", "sugarss": "^5.0.0", "terser": "^5.16.0", "tsx": "^4.8.1", "yaml": "^2.4.2" }, "optionalPeers": ["@types/node", "jiti", "less", "lightningcss", "sass", "sass-embedded", "stylus", "sugarss", "terser", "tsx", "yaml"], "bin": { "vite": "bin/vite.js" } }, "sha512-oBXvfSHEOL8jF+R9Am7h59Up07kVVGH1NrFGFoEG6bPDZP3tGpQhvkBpy5x7U6+E6wZCu9OihsWgJqDbQIm8LQ=="],

    "vitest": ["vitest@4.1.5", "", { "dependencies": { "@vitest/expect": "4.1.5", "@vitest/mocker": "4.1.5", "@vitest/pretty-format": "4.1.5", "@vitest/runner": "4.1.5", "@vitest/snapshot": "4.1.5", "@vitest/spy": "4.1.5", "@vitest/utils": "4.1.5", "es-module-lexer": "^2.0.0", "expect-type": "^1.3.0", "magic-string": "^0.30.21", "obug": "^2.1.1", "pathe": "^2.0.3", "picomatch": "^4.0.3", "std-env": "^4.0.0-rc.1", "tinybench": "^2.9.0", "tinyexec": "^1.0.2", "tinyglobby": "^0.2.15", "tinyrainbow": "^3.1.0", "vite": "^6.0.0 || ^7.0.0 || ^8.0.0", "why-is-node-running": "^2.3.0" }, "peerDependencies": { "@edge-runtime/vm": "*", "@opentelemetry/api": "^1.9.0", "@types/node": "^20.0.0 || ^22.0.0 || >=24.0.0", "@vitest/browser-playwright": "4.1.5", "@vitest/browser-preview": "4.1.5", "@vitest/browser-webdriverio": "4.1.5", "@vitest/coverage-istanbul": "4.1.5", "@vitest/coverage-v8": "4.1.5", "@vitest/ui": "4.1.5", "happy-dom": "*", "jsdom": "*" }, "optionalPeers": ["@edge-runtime/vm", "@opentelemetry/api", "@types/node", "@vitest/browser-playwright", "@vitest/browser-preview", "@vitest/browser-webdriverio", "@vitest/coverage-istanbul", "@vitest/coverage-v8", "@vitest/ui", "happy-dom", "jsdom"], "bin": { "vitest": "vitest.mjs" } }, "sha512-9Xx1v3/ih3m9hN+SbfkUyy0JAs72ap3r7joc87XL6jwF0jGg6mFBvQ1SrwaX+h8BlkX6Hz9shdd1uo6AF+ZGpg=="],

    "why-is-node-running": ["why-is-node-running@2.3.0", "", { "dependencies": { "siginfo": "^2.0.0", "stackback": "0.0.2" }, "bin": { "why-is-node-running": "cli.js" } }, "sha512-hUrmaWBdVDcxvYqnyh09zunKzROWjbZTiNy8dBEjkS7ehEDQibXJ7XvlmtbwuTclUiIyN+CyXQD4Vmko8fNm8w=="],

    "ws": ["ws@8.20.0", "", { "peerDependencies": { "bufferutil": "^4.0.1", "utf-8-validate": ">=5.0.2" }, "optionalPeers": ["bufferutil", "utf-8-validate"] }, "sha512-sAt8BhgNbzCtgGbt2OxmpuryO63ZoDk/sqaB/znQm94T4fCEsy/yV+7CdC1kJhOU9lboAEU7R3kquuycDoibVA=="],

    "yaml": ["yaml@2.8.3", "", { "bin": { "yaml": "bin.mjs" } }, "sha512-AvbaCLOO2Otw/lW5bmh9d/WEdcDFdQp2Z2ZUH3pX9U2ihyUY0nvLv7J6TrWowklRGPYbB/IuIMfYgxaCPg5Bpg=="],

    "vitest/tinybench": ["tinybench@2.9.0", "", {}, "sha512-0+DUvqWMValLmha6lr4kD8iAMK1HzV0/aKnCtWb9v9641TnP/MFb7Pc2bxoxQjTXAErryXVgUOfv2YqNllqGeg=="],
  }
}
